
Microsoft Visual Studio Solution File, Format Version 12.00
# Visual Studio 15
VisualStudioVersion = 15.0.26730.12
MinimumVisualStudioVersion = 10.0.40219.1
Project("{9A19103F-16F7-4668-BE54-9A1E7A4F7556}") = "WebApp", "WebApp\WebApp.csproj", "{748BD345-708F-4342-8904-1E5AB2BE6B3B}"
EndProject
Project("{9A19103F-16F7-4668-BE54-9A1E7A4F7556}") = "ApplicationCore", "ApplicationCore\ApplicationCore.csproj", "{5F00F0A1-03A4-43A7-A81B-2D849D0637FF}"
EndProject
Project("{9A19103F-16F7-4668-BE54-9A1E7A4F7556}") = "Infrastructure", "Infrastructure\Infrastructure.csproj", "{8702A090-D03F-4F98-AAC4-CF4CB723B7ED}"
EndProject
Project("{FAE04EC0-301F-11D3-BF4B-00C04F79EFBC}") = "Tests", "Tests\Tests.csproj", "{92512574-E20B-48F7-95A1-478F8668BCB3}"
EndProject
Global
	GlobalSection(SolutionConfigurationPlatforms) = preSolution
		Debug|Any CPU = Debug|Any CPU
		Release|Any CPU = Release|Any CPU
	EndGlobalSection
	GlobalSection(ProjectConfigurationPlatforms) = postSolution
		{748BD345-708F-4342-8904-1E5AB2BE6B3B}.Debug|Any CPU.ActiveCfg = Debug|Any CPU
		{748BD345-708F-4342-8904-1E5AB2BE6B3B}.Debug|Any CPU.Build.0 = Debug|Any CPU
		{748BD345-708F-4342-8904-1E5AB2BE6B3B}.Release|Any CPU.ActiveCfg = Release|Any CPU
		{748BD345-708F-4342-8904-1E5AB2BE6B3B}.Release|Any CPU.Build.0 = Release|Any CPU
		{5F00F0A1-03A4-43A7-A81B-2D849D0637FF}.Debug|Any CPU.ActiveCfg = Debug|Any CPU
		{5F00F0A1-03A4-43A7-A81B-2D849D0637FF}.Debug|Any CPU.Build.0 = Debug|Any CPU
		{5F00F0A1-03A4-43A7-A81B-2D849D0637FF}.Release|Any CPU.ActiveCfg = Release|Any CPU
		{5F00F0A1-03A4-43A7-A81B-2D849D0637FF}.Release|Any CPU.Build.0 = Release|Any CPU
		{8702A090-D03F-4F98-AAC4-CF4CB723B7ED}.Debug|Any CPU.ActiveCfg = Debug|Any CPU
		{8702A090-D03F-4F98-AAC4-CF4CB723B7ED}.Debug|Any CPU.Build.0 = Debug|Any CPU
		{8702A090-D03F-4F98-AAC4-CF4CB723B7ED}.Release|Any CPU.ActiveCfg = Release|Any CPU
		{8702A090-D03F-4F98-AAC4-CF4CB723B7ED}.Release|Any CPU.Build.0 = Release|Any CPU
		{92512574-E20B-48F7-95A1-478F8668BCB3}.Debug|Any CPU.ActiveCfg = Debug|Any CPU
		{92512574-E20B-48F7-95A1-478F8668BCB3}.Debug|Any CPU.Build.0 = Debug|Any CPU
		{92512574-E20B-48F7-95A1-478F8668BCB3}.Release|Any CPU.ActiveCfg = Release|Any CPU
		{92512574-E20B-48F7-95A1-478F8668BCB3}.Release|Any CPU.Build.0 = Release|Any CPU
	EndGlobalSection
	GlobalSection(SolutionProperties) = preSolution
		HideSolutionNode = FALSE
	EndGlobalSection
	GlobalSection(ExtensibilityGlobals) = postSolution
		SolutionGuid = {F4CE4F0F-A36C-4987-8E52-0E6E8438217D}
	EndGlobalSection
EndGlobal
